
Microsoft Visual Studio Solution File, Format Version 12.00
# Visual Studio Version 17
VisualStudioVersion = 17.9.34616.47
MinimumVisualStudioVersion = 10.0.40219.1
Project("{FAE04EC0-301F-11D3-BF4B-00C04F79EFBC}") = "ProjetoClasses", "ProjetoClasses\ProjetoClasses.csproj", "{5C8ECBCA-0B30-48BF-9094-0BB3F943FD88}"
EndProject
Global
	GlobalSection(SolutionConfigurationPlatforms) = preSolution
		Debug|Any CPU = Debug|Any CPU
		Release|Any CPU = Release|Any CPU
	EndGlobalSection
	GlobalSection(ProjectConfigurationPlatforms) = postSolution
		{5C8ECBCA-0B30-48BF-9094-0BB3F943FD88}.Debug|Any CPU.ActiveCfg = Debug|Any CPU
		{5C8ECBCA-0B30-48BF-9094-0BB3F943FD88}.Debug|Any CPU.Build.0 = Debug|Any CPU
		{5C8ECBCA-0B30-48BF-9094-0BB3F943FD88}.Release|Any CPU.ActiveCfg = Release|Any CPU
		{5C8ECBCA-0B30-48BF-9094-0BB3F943FD88}.Release|Any CPU.Build.0 = Release|Any CPU
	EndGlobalSection
	GlobalSection(SolutionProperties) = preSolution
		HideSolutionNode = FALSE
	EndGlobalSection
	GlobalSection(ExtensibilityGlobals) = postSolution
		SolutionGuid = {169194C7-2349-405B-A916-78DC322881A6}
	EndGlobalSection
EndGlobal
